
Microsoft Visual Studio Solution File, Format Version 12.00
# Visual Studio Version 16
VisualStudioVersion = 16.0.30621.155
MinimumVisualStudioVersion = 10.0.40219.1
Project("{FAE04EC0-301F-11D3-BF4B-00C04F79EFBC}") = "WindowsFormsApplication35", "WindowsFormsApplication35.csproj", "{AF2B66B9-15AD-49EC-AF83-3D36E286DA4A}"
EndProject
Global
	GlobalSection(SolutionConfigurationPlatforms) = preSolution
		Debug|Any CPU = Debug|Any CPU
		Release|Any CPU = Release|Any CPU
	EndGlobalSection
	GlobalSection(ProjectConfigurationPlatforms) = postSolution
		{AF2B66B9-15AD-49EC-AF83-3D36E286DA4A}.Debug|Any CPU.ActiveCfg = Debug|Any CPU
		{AF2B66B9-15AD-49EC-AF83-3D36E286DA4A}.Debug|Any CPU.Build.0 = Debug|Any CPU
		{AF2B66B9-15AD-49EC-AF83-3D36E286DA4A}.Release|Any CPU.ActiveCfg = Release|Any CPU
		{AF2B66B9-15AD-49EC-AF83-3D36E286DA4A}.Release|Any CPU.Build.0 = Release|Any CPU
	EndGlobalSection
	GlobalSection(SolutionProperties) = preSolution
		HideSolutionNode = FALSE
	EndGlobalSection
	GlobalSection(ExtensibilityGlobals) = postSolution
		SolutionGuid = {54AC7CB4-3CDA-4FB2-99B8-2B94D789C523}
	EndGlobalSection
EndGlobal
